
Microsoft Visual Studio Solution File, Format Version 12.00
# Visual Studio Version 17
VisualStudioVersion = 17.13.35825.156 d17.13
MinimumVisualStudioVersion = 10.0.40219.1
Project("{FAE04EC0-301F-11D3-BF4B-00C04F79EFBC}") = "task1", "task1.csproj", "{D323D89D-1C9D-4DC5-954D-9287FC5A3557}"
EndProject
Global
	GlobalSection(SolutionConfigurationPlatforms) = preSolution
		Debug|Any CPU = Debug|Any CPU
		Release|Any CPU = Release|Any CPU
	EndGlobalSection
	GlobalSection(ProjectConfigurationPlatforms) = postSolution
		{D323D89D-1C9D-4DC5-954D-9287FC5A3557}.Debug|Any CPU.ActiveCfg = Debug|Any CPU
		{D323D89D-1C9D-4DC5-954D-9287FC5A3557}.Debug|Any CPU.Build.0 = Debug|Any CPU
		{D323D89D-1C9D-4DC5-954D-9287FC5A3557}.Release|Any CPU.ActiveCfg = Release|Any CPU
		{D323D89D-1C9D-4DC5-954D-9287FC5A3557}.Release|Any CPU.Build.0 = Release|Any CPU
	EndGlobalSection
	GlobalSection(SolutionProperties) = preSolution
		HideSolutionNode = FALSE
	EndGlobalSection
	GlobalSection(ExtensibilityGlobals) = postSolution
		SolutionGuid = {46FAEC69-2F22-46FA-B9F1-BAC4006F7CEA}
	EndGlobalSection
EndGlobal
