
Microsoft Visual Studio Solution File, Format Version 12.00
# Visual Studio Version 17
VisualStudioVersion = 17.13.35825.156 d17.13
MinimumVisualStudioVersion = 10.0.40219.1
Project("{FAE04EC0-301F-11D3-BF4B-00C04F79EFBC}") = "task3", "task3.csproj", "{DE32F825-5286-4378-B785-C948246B4F5B}"
EndProject
Global
	GlobalSection(SolutionConfigurationPlatforms) = preSolution
		Debug|Any CPU = Debug|Any CPU
		Release|Any CPU = Release|Any CPU
	EndGlobalSection
	GlobalSection(ProjectConfigurationPlatforms) = postSolution
		{DE32F825-5286-4378-B785-C948246B4F5B}.Debug|Any CPU.ActiveCfg = Debug|Any CPU
		{DE32F825-5286-4378-B785-C948246B4F5B}.Debug|Any CPU.Build.0 = Debug|Any CPU
		{DE32F825-5286-4378-B785-C948246B4F5B}.Release|Any CPU.ActiveCfg = Release|Any CPU
		{DE32F825-5286-4378-B785-C948246B4F5B}.Release|Any CPU.Build.0 = Release|Any CPU
	EndGlobalSection
	GlobalSection(SolutionProperties) = preSolution
		HideSolutionNode = FALSE
	EndGlobalSection
	GlobalSection(ExtensibilityGlobals) = postSolution
		SolutionGuid = {C73521E2-F880-4B8C-AB9C-33BEAAA5BDF5}
	EndGlobalSection
EndGlobal
