
Microsoft Visual Studio Solution File, Format Version 12.00
# Visual Studio Version 17
VisualStudioVersion = 17.13.35825.156 d17.13
MinimumVisualStudioVersion = 10.0.40219.1
Project("{FAE04EC0-301F-11D3-BF4B-00C04F79EFBC}") = "task2", "task2.csproj", "{234DEF8D-0A30-4E18-A368-E525879F9533}"
EndProject
Global
	GlobalSection(SolutionConfigurationPlatforms) = preSolution
		Debug|Any CPU = Debug|Any CPU
		Release|Any CPU = Release|Any CPU
	EndGlobalSection
	GlobalSection(ProjectConfigurationPlatforms) = postSolution
		{234DEF8D-0A30-4E18-A368-E525879F9533}.Debug|Any CPU.ActiveCfg = Debug|Any CPU
		{234DEF8D-0A30-4E18-A368-E525879F9533}.Debug|Any CPU.Build.0 = Debug|Any CPU
		{234DEF8D-0A30-4E18-A368-E525879F9533}.Release|Any CPU.ActiveCfg = Release|Any CPU
		{234DEF8D-0A30-4E18-A368-E525879F9533}.Release|Any CPU.Build.0 = Release|Any CPU
	EndGlobalSection
	GlobalSection(SolutionProperties) = preSolution
		HideSolutionNode = FALSE
	EndGlobalSection
	GlobalSection(ExtensibilityGlobals) = postSolution
		SolutionGuid = {7103DFD7-0724-4DCA-A812-401A96C6A061}
	EndGlobalSection
EndGlobal
